Microsoft Visual Studio Solution File, Format Version 12.00
# Visual Studio 15
VisualStudioVersion = 15.0.27130.0
MinimumVisualStudioVersion = 10.0.40219.1
Project("{FAE04EC0-301F-11D3-BF4B-00C04F79EFBC}") = "BiblePayPool2018", "BiblePayPool2018\BiblePayPool2018.csproj", "{DEA53C08-73F8-4131-B560-B71B70B073BC}"
EndProject
Project("{FAE04EC0-301F-11D3-BF4B-00C04F79EFBC}") = "USGDFramework", "BiblePayPool2018\USGDFramework\USGDFramework\USGDFramework.csproj", "{09A0BBE1-5EA1-44CF-931A-F93D877736C6}"
EndProject
Project("{2150E333-8FDC-42A3-9474-1A3956D46DE8}") = "Solution Items", "Solution Items", "{F0A6AB41-9DE3-4F54-8B09-9F099E0CBD3D}"
EndProject
Project("{FAE04EC0-301F-11D3-BF4B-00C04F79EFBC}") = "Zinc", "BiblePayPool2018\Zinc\Zinc\Zinc.csproj", "{9089CB6C-1E60-4B46-B718-30EAD2AAAFB4}"
EndProject
Project("{FAE04EC0-301F-11D3-BF4B-00C04F79EFBC}") = "PoolService", "BiblePayPool2018\PoolService\PoolService\PoolService.csproj", "{FB424226-332B-4872-8A09-2CE3666FFF1F}"
EndProject
Project("{FAE04EC0-301F-11D3-BF4B-00C04F79EFBC}") = "Bitnet", "BiblePayPool2018\bitnet\Bitnet\Bitnet.csproj", "{C8103BCD-D47F-4A21-A60C-82B8CB762818}"
EndProject
Project("{FAE04EC0-301F-11D3-BF4B-00C04F79EFBC}") = "Bitnet.Client", "BiblePayPool2018\bitnet\Bitnet.Client\Bitnet.Client.csproj", "{90D3E431-02DF-432F-9F09-ED6E934BACD2}"
EndProject
Project("{FAE04EC0-301F-11D3-BF4B-00C04F79EFBC}") = "WalmartAPI", "C:\code\WalmartAPI\WalmartAPI\WalmartAPI\WalmartAPI.csproj", "{98CDE812-8568-4314-9B34-605E86D4EFF2}"
EndProject
Global
	GlobalSection(SolutionConfigurationPlatforms) = preSolution
		Debug|Any CPU = Debug|Any CPU
		Debug|x86 = Debug|x86
		Release|Any CPU = Release|Any CPU
		Release|x86 = Release|x86
	EndGlobalSection
	GlobalSection(ProjectConfigurationPlatforms) = postSolution
		{DEA53C08-73F8-4131-B560-B71B70B073BC}.Debug|Any CPU.ActiveCfg = Debug|Any CPU
		{DEA53C08-73F8-4131-B560-B71B70B073BC}.Debug|Any CPU.Build.0 = Debug|Any CPU
		{DEA53C08-73F8-4131-B560-B71B70B073BC}.Debug|x86.ActiveCfg = Debug|Any CPU
		{DEA53C08-73F8-4131-B560-B71B70B073BC}.Debug|x86.Build.0 = Debug|Any CPU
		{DEA53C08-73F8-4131-B560-B71B70B073BC}.Release|Any CPU.ActiveCfg = Release|Any CPU
		{DEA53C08-73F8-4131-B560-B71B70B073BC}.Release|Any CPU.Build.0 = Release|Any CPU
		{DEA53C08-73F8-4131-B560-B71B70B073BC}.Release|x86.ActiveCfg = Release|Any CPU
		{DEA53C08-73F8-4131-B560-B71B70B073BC}.Release|x86.Build.0 = Release|Any CPU
		{09A0BBE1-5EA1-44CF-931A-F93D877736C6}.Debug|Any CPU.ActiveCfg = Debug|Any CPU
		{09A0BBE1-5EA1-44CF-931A-F93D877736C6}.Debug|Any CPU.Build.0 = Debug|Any CPU
		{09A0BBE1-5EA1-44CF-931A-F93D877736C6}.Debug|x86.ActiveCfg = Debug|Any CPU
		{09A0BBE1-5EA1-44CF-931A-F93D877736C6}.Debug|x86.Build.0 = Debug|Any CPU
		{09A0BBE1-5EA1-44CF-931A-F93D877736C6}.Release|Any CPU.ActiveCfg = Release|Any CPU
		{09A0BBE1-5EA1-44CF-931A-F93D877736C6}.Release|Any CPU.Build.0 = Release|Any CPU
		{09A0BBE1-5EA1-44CF-931A-F93D877736C6}.Release|x86.ActiveCfg = Release|Any CPU
		{09A0BBE1-5EA1-44CF-931A-F93D877736C6}.Release|x86.Build.0 = Release|Any CPU
		{9089CB6C-1E60-4B46-B718-30EAD2AAAFB4}.Debug|Any CPU.ActiveCfg = Debug|x86
		{9089CB6C-1E60-4B46-B718-30EAD2AAAFB4}.Debug|x86.ActiveCfg = Debug|x86
		{9089CB6C-1E60-4B46-B718-30EAD2AAAFB4}.Debug|x86.Build.0 = Debug|x86
		{9089CB6C-1E60-4B46-B718-30EAD2AAAFB4}.Release|Any CPU.ActiveCfg = Release|x86
		{9089CB6C-1E60-4B46-B718-30EAD2AAAFB4}.Release|x86.ActiveCfg = Release|x86
		{9089CB6C-1E60-4B46-B718-30EAD2AAAFB4}.Release|x86.Build.0 = Release|x86
		{FB424226-332B-4872-8A09-2CE3666FFF1F}.Debug|Any CPU.ActiveCfg = Debug|Any CPU
		{FB424226-332B-4872-8A09-2CE3666FFF1F}.Debug|Any CPU.Build.0 = Debug|Any CPU
		{FB424226-332B-4872-8A09-2CE3666FFF1F}.Debug|x86.ActiveCfg = Debug|Any CPU
		{FB424226-332B-4872-8A09-2CE3666FFF1F}.Debug|x86.Build.0 = Debug|Any CPU
		{FB424226-332B-4872-8A09-2CE3666FFF1F}.Release|Any CPU.ActiveCfg = Release|Any CPU
		{FB424226-332B-4872-8A09-2CE3666FFF1F}.Release|Any CPU.Build.0 = Release|Any CPU
		{FB424226-332B-4872-8A09-2CE3666FFF1F}.Release|x86.ActiveCfg = Release|Any CPU
		{FB424226-332B-4872-8A09-2CE3666FFF1F}.Release|x86.Build.0 = Release|Any CPU
		{C8103BCD-D47F-4A21-A60C-82B8CB762818}.Debug|Any CPU.ActiveCfg = Debug|Any CPU
		{C8103BCD-D47F-4A21-A60C-82B8CB762818}.Debug|Any CPU.Build.0 = Debug|Any CPU
		{C8103BCD-D47F-4A21-A60C-82B8CB762818}.Debug|x86.ActiveCfg = Debug|Any CPU
		{C8103BCD-D47F-4A21-A60C-82B8CB762818}.Debug|x86.Build.0 = Debug|Any CPU
		{C8103BCD-D47F-4A21-A60C-82B8CB762818}.Release|Any CPU.ActiveCfg = Release|Any CPU
		{C8103BCD-D47F-4A21-A60C-82B8CB762818}.Release|Any CPU.Build.0 = Release|Any CPU
		{C8103BCD-D47F-4A21-A60C-82B8CB762818}.Release|x86.ActiveCfg = Release|Any CPU
		{C8103BCD-D47F-4A21-A60C-82B8CB762818}.Release|x86.Build.0 = Release|Any CPU
		{90D3E431-02DF-432F-9F09-ED6E934BACD2}.Debug|Any CPU.ActiveCfg = Debug|Any CPU
		{90D3E431-02DF-432F-9F09-ED6E934BACD2}.Debug|Any CPU.Build.0 = Debug|Any CPU
		{90D3E431-02DF-432F-9F09-ED6E934BACD2}.Debug|x86.ActiveCfg = Debug|Any CPU
		{90D3E431-02DF-432F-9F09-ED6E934BACD2}.Debug|x86.Build.0 = Debug|Any CPU
		{90D3E431-02DF-432F-9F09-ED6E934BACD2}.Release|Any CPU.ActiveCfg = Release|Any CPU
		{90D3E431-02DF-432F-9F09-ED6E934BACD2}.Release|Any CPU.Build.0 = Release|Any CPU
		{90D3E431-02DF-432F-9F09-ED6E934BACD2}.Release|x86.ActiveCfg = Release|Any CPU
		{90D3E431-02DF-432F-9F09-ED6E934BACD2}.Release|x86.Build.0 = Release|Any CPU
		{98CDE812-8568-4314-9B34-605E86D4EFF2}.Debug|Any CPU.ActiveCfg = Debug|Any CPU
		{98CDE812-8568-4314-9B34-605E86D4EFF2}.Debug|Any CPU.Build.0 = Debug|Any CPU
		{98CDE812-8568-4314-9B34-605E86D4EFF2}.Debug|x86.ActiveCfg = Debug|Any CPU
		{98CDE812-8568-4314-9B34-605E86D4EFF2}.Debug|x86.Build.0 = Debug|Any CPU
		{98CDE812-8568-4314-9B34-605E86D4EFF2}.Release|Any CPU.ActiveCfg = Release|Any CPU
		{98CDE812-8568-4314-9B34-605E86D4EFF2}.Release|Any CPU.Build.0 = Release|Any CPU
		{98CDE812-8568-4314-9B34-605E86D4EFF2}.Release|x86.ActiveCfg = Release|Any CPU
		{98CDE812-8568-4314-9B34-605E86D4EFF2}.Release|x86.Build.0 = Release|Any CPU
	EndGlobalSection
	GlobalSection(SolutionProperties) = preSolution
		HideSolutionNode = FALSE
	EndGlobalSection
	GlobalSection(ExtensibilityGlobals) = postSolution
		SolutionGuid = {8D9319CC-8F87-48FD-A06B-57CA85FF1648}
	EndGlobalSection
EndGlobal
